
Microsoft Visual Studio Solution File, Format Version 12.00
# Visual Studio Version 17
VisualStudioVersion = 17.7.34003.232
MinimumVisualStudioVersion = 10.0.40219.1
Project("{FAE04EC0-301F-11D3-BF4B-00C04F79EFBC}") = "Blood Bank Management system", "Blood Bank Management system.csproj", "{B8CB7542-A144-42C4-88E8-378C885BE120}"
EndProject
Global
	GlobalSection(SolutionConfigurationPlatforms) = preSolution
		Debug|Any CPU = Debug|Any CPU
		Release|Any CPU = Release|Any CPU
	EndGlobalSection
	GlobalSection(ProjectConfigurationPlatforms) = postSolution
		{B8CB7542-A144-42C4-88E8-378C885BE120}.Debug|Any CPU.ActiveCfg = Debug|Any CPU
		{B8CB7542-A144-42C4-88E8-378C885BE120}.Debug|Any CPU.Build.0 = Debug|Any CPU
		{B8CB7542-A144-42C4-88E8-378C885BE120}.Release|Any CPU.ActiveCfg = Release|Any CPU
		{B8CB7542-A144-42C4-88E8-378C885BE120}.Release|Any CPU.Build.0 = Release|Any CPU
	EndGlobalSection
	GlobalSection(SolutionProperties) = preSolution
		HideSolutionNode = FALSE
	EndGlobalSection
	GlobalSection(ExtensibilityGlobals) = postSolution
		SolutionGuid = {7E459EF4-EE9E-48FC-9E38-34DB9AFD4FAA}
	EndGlobalSection
EndGlobal
